// !$*UTF8*$!
{
	archiveVersion = 1;
	classes = {
	};
	objectVersion = 50;
	objects = {

/* Begin PBXBuildFile section */
		4C59C55F238BAB7900F51B68 /* AppDelegate.swift in Sources */ = {isa = PBXBuildFile; fileRef = 4C59C55E238BAB7900F51B68 /* AppDelegate.swift */; };
		4C59C561238BAB7900F51B68 /* ViewController.swift in Sources */ = {isa = PBXBuildFile; fileRef = 4C59C560238BAB7900F51B68 /* ViewController.swift */; };
		4C59C564238BAB7900F51B68 /* Main.storyboard in Resources */ = {isa = PBXBuildFile; fileRef = 4C59C562238BAB7900F51B68 /* Main.storyboard */; };
		4C59C566238BAB7C00F51B68 /* Assets.xcassets in Resources */ = {isa = PBXBuildFile; fileRef = 4C59C565238BAB7C00F51B68 /* Assets.xcassets */; };
		4C59C569238BAB7C00F51B68 /* LaunchScreen.storyboard in Resources */ = {isa = PBXBuildFile; fileRef = 4C59C567238BAB7C00F51B68 /* LaunchScreen.storyboard */; };
		4C59C595238BACFD00F51B68 /* taiko.mp3 in Resources */ = {isa = PBXBuildFile; fileRef = 4C59C58D238BACFC00F51B68 /* taiko.mp3 */; };
		4C59C596238BACFD00F51B68 /* guitar.mp3 in Resources */ = {isa = PBXBuildFile; fileRef = 4C59C58E238BACFC00F51B68 /* guitar.mp3 */; };
		4C59C597238BACFD00F51B68 /* triangle.png in Resources */ = {isa = PBXBuildFile; fileRef = 4C59C58F238BACFC00F51B68 /* triangle.png */; };
		4C59C598238BACFD00F51B68 /* triangle.mp3 in Resources */ = {isa = PBXBuildFile; fileRef = 4C59C590238BACFC00F51B68 /* triangle.mp3 */; };
		4C59C599238BACFD00F51B68 /* symbal.mp3 in Resources */ = {isa = PBXBuildFile; fileRef = 4C59C591238BACFC00F51B68 /* symbal.mp3 */; };
		4C59C59A238BACFD00F51B68 /* guitar.png in Resources */ = {isa = PBXBuildFile; fileRef = 4C59C592238BACFC00F51B68 /* guitar.png */; };
		4C59C59B238BACFD00F51B68 /* taiko.png in Resources */ = {isa = PBXBuildFile; fileRef = 4C59C593238BACFC00F51B68 /* taiko.png */; };
		4C59C59C238BACFD00F51B68 /* cymbal.png in Resources */ = {isa = PBXBuildFile; fileRef = 4C59C594238BACFC00F51B68 /* cymbal.png */; };
		4C59C5A0238BB30000F51B68 /* musician_cat.png in Resources */ = {isa = PBXBuildFile; fileRef = 4C59C59E238BB2FF00F51B68 /* musician_cat.png */; };
		4C59C5A1238BB30000F51B68 /* haikei.png in Resources */ = {isa = PBXBuildFile; fileRef = 4C59C59F238BB2FF00F51B68 /* haikei.png */; };
/* End PBXBuildFile section */

/* Begin PBXFileReference section */
		4C59C55B238BAB7900F51B68 /* Sound.app */ = {isa = PBXFileReference; explicitFileType = wrapper.application; includeInIndex = 0; path = Sound.app; sourceTree = BUILT_PRODUCTS_DIR; };
		4C59C55E238BAB7900F51B68 /* AppDelegate.swift */ = {isa = PBXFileReference; lastKnownFileType = sourcecode.swift; path = AppDelegate.swift; sourceTree = "<group>"; };
		4C59C560238BAB7900F51B68 /* ViewController.swift */ = {isa = PBXFileReference; lastKnownFileType = sourcecode.swift; path = ViewController.swift; sourceTree = "<group>"; };
		4C59C563238BAB7900F51B68 /* Base */ = {isa = PBXFileReference; lastKnownFileType = file.storyboard; name = Base; path = Base.lproj/Main.storyboard; sourceTree = "<group>"; };
		4C59C565238BAB7C00F51B68 /* Assets.xcassets */ = {isa = PBXFileReference; lastKnownFileType = folder.assetcatalog; path = Assets.xcassets; sourceTree = "<group>"; };
		4C59C568238BAB7C00F51B68 /* Base */ = {isa = PBXFileReference; lastKnownFileType = file.storyboard; name = Base; path = Base.lproj/LaunchScreen.storyboard; sourceTree = "<group>"; };
		4C59C56A238BAB7C00F51B68 /* Info.plist */ = {isa = PBXFileReference; lastKnownFileType = text.plist.xml; path = Info.plist; sourceTree = "<group>"; };
		4C59C58D238BACFC00F51B68 /* taiko.mp3 */ = {isa = PBXFileReference; lastKnownFileType = audio.mp3; path = taiko.mp3; sourceTree = "<group>"; };
		4C59C58E238BACFC00F51B68 /* guitar.mp3 */ = {isa = PBXFileReference; lastKnownFileType = audio.mp3; path = guitar.mp3; sourceTree = "<group>"; };
		4C59C58F238BACFC00F51B68 /* triangle.png */ = {isa = PBXFileReference; lastKnownFileType = image.png; path = triangle.png; sourceTree = "<group>"; };
		4C59C590238BACFC00F51B68 /* triangle.mp3 */ = {isa = PBXFileReference; lastKnownFileType = audio.mp3; path = triangle.mp3; sourceTree = "<group>"; };
		4C59C591238BACFC00F51B68 /* symbal.mp3 */ = {isa = PBXFileReference; lastKnownFileType = audio.mp3; path = symbal.mp3; sourceTree = "<group>"; };
		4C59C592238BACFC00F51B68 /* guitar.png */ = {isa = PBXFileReference; lastKnownFileType = image.png; path = guitar.png; sourceTree = "<group>"; };
		4C59C593238BACFC00F51B68 /* taiko.png */ = {isa = PBXFileReference; lastKnownFileType = image.png; path = taiko.png; sourceTree = "<group>"; };
		4C59C594238BACFC00F51B68 /* cymbal.png */ = {isa = PBXFileReference; lastKnownFileType = image.png; path = cymbal.png; sourceTree = "<group>"; };
		4C59C59E238BB2FF00F51B68 /* musician_cat.png */ = {isa = PBXFileReference; lastKnownFileType = image.png; path = musician_cat.png; sourceTree = "<group>"; };
		4C59C59F238BB2FF00F51B68 /* haikei.png */ = {isa = PBXFileReference; lastKnownFileType = image.png; path = haikei.png; sourceTree = "<group>"; };
/* End PBXFileReference section */

/* Begin PBXFrameworksBuildPhase section */
		4C59C558238BAB7800F51B68 /* Frameworks */ = {
			isa = PBXFrameworksBuildPhase;
			buildActionMask = 2147483647;
			files = (
			);
			runOnlyForDeploymentPostprocessing = 0;
		};
/* End PBXFrameworksBuildPhase section */

/* Begin PBXGroup section */
		4C59C552238BAB7800F51B68 = {
			isa = PBXGroup;
			children = (
				4C59C55C238BAB7900F51B68 /* Products */,
				4C59C55D238BAB7900F51B68 /* Sound */,
			);
			sourceTree = "<group>";
		};
		4C59C55C238BAB7900F51B68 /* Products */ = {
			isa = PBXGroup;
			children = (
				4C59C55B238BAB7900F51B68 /* Sound.app */,
			);
			name = Products;
			sourceTree = "<group>";
		};
		4C59C55D238BAB7900F51B68 /* Sound */ = {
			isa = PBXGroup;
			children = (
				4C59C59D238BB2FF00F51B68 /* advance_sound */,
				4C59C58C238BACFC00F51B68 /* sound */,
				4C59C55E238BAB7900F51B68 /* AppDelegate.swift */,
				4C59C560238BAB7900F51B68 /* ViewController.swift */,
				4C59C562238BAB7900F51B68 /* Main.storyboard */,
				4C59C565238BAB7C00F51B68 /* Assets.xcassets */,
				4C59C567238BAB7C00F51B68 /* LaunchScreen.storyboard */,
				4C59C56A238BAB7C00F51B68 /* Info.plist */,
			);
			path = Sound;
			sourceTree = "<group>";
		};
		4C59C58C238BACFC00F51B68 /* sound */ = {
			isa = PBXGroup;
			children = (
				4C59C58D238BACFC00F51B68 /* taiko.mp3 */,
				4C59C58E238BACFC00F51B68 /* guitar.mp3 */,
				4C59C58F238BACFC00F51B68 /* triangle.png */,
				4C59C590238BACFC00F51B68 /* triangle.mp3 */,
				4C59C591238BACFC00F51B68 /* symbal.mp3 */,
				4C59C592238BACFC00F51B68 /* guitar.png */,
				4C59C593238BACFC00F51B68 /* taiko.png */,
				4C59C594238BACFC00F51B68 /* cymbal.png */,
			);
			name = sound;
			path = "../../../../Documents/Life is Tech/iphone/materials/sound";
			sourceTree = "<group>";
		};
		4C59C59D238BB2FF00F51B68 /* advance_sound */ = {
			isa = PBXGroup;
			children = (
				4C59C59E238BB2FF00F51B68 /* musician_cat.png */,
				4C59C59F238BB2FF00F51B68 /* haikei.png */,
			);
			name = advance_sound;
			path = "../../../../Documents/Life is Tech/iphone/materials/advance_sound";
			sourceTree = "<group>";
		};
/* End PBXGroup section */

/* Begin PBXNativeTarget section */
		4C59C55A238BAB7800F51B68 /* Sound */ = {
			isa = PBXNativeTarget;
			buildConfigurationList = 4C59C583238BAB7D00F51B68 /* Build configuration list for PBXNativeTarget "Sound" */;
			buildPhases = (
				4C59C557238BAB7800F51B68 /* Sources */,
				4C59C558238BAB7800F51B68 /* Frameworks */,
				4C59C559238BAB7800F51B68 /* Resources */,
			);
			buildRules = (
			);
			dependencies = (
			);
			name = Sound;
			productName = Sound;
			productReference = 4C59C55B238BAB7900F51B68 /* Sound.app */;
			productType = "com.apple.product-type.application";
		};
/* End PBXNativeTarget section */

/* Begin PBXProject section */
		4C59C553238BAB7800F51B68 /* Project object */ = {
			isa = PBXProject;
			attributes = {
				LastSwiftUpdateCheck = 1030;
				LastUpgradeCheck = 1030;
				ORGANIZATIONNAME = NorihiroSunada;
				TargetAttributes = {
					4C59C55A238BAB7800F51B68 = {
						CreatedOnToolsVersion = 10.3;
					};
				};
			};
			buildConfigurationList = 4C59C556238BAB7800F51B68 /* Build configuration list for PBXProject "Sound" */;
			compatibilityVersion = "Xcode 9.3";
			developmentRegion = en;
			hasScannedForEncodings = 0;
			knownRegions = (
				en,
				Base,
			);
			mainGroup = 4C59C552238BAB7800F51B68;
			productRefGroup = 4C59C55C238BAB7900F51B68 /* Products */;
			projectDirPath = "";
			projectRoot = "";
			targets = (
				4C59C55A238BAB7800F51B68 /* Sound */,
			);
		};
/* End PBXProject section */

/* Begin PBXResourcesBuildPhase section */
		4C59C559238BAB7800F51B68 /* Resources */ = {
			isa = PBXResourcesBuildPhase;
			buildActionMask = 2147483647;
			files = (
				4C59C599238BACFD00F51B68 /* symbal.mp3 in Resources */,
				4C59C596238BACFD00F51B68 /* guitar.mp3 in Resources */,
				4C59C597238BACFD00F51B68 /* triangle.png in Resources */,
				4C59C598238BACFD00F51B68 /* triangle.mp3 in Resources */,
				4C59C59B238BACFD00F51B68 /* taiko.png in Resources */,
				4C59C5A1238BB30000F51B68 /* haikei.png in Resources */,
				4C59C569238BAB7C00F51B68 /* LaunchScreen.storyboard in Resources */,
				4C59C59A238BACFD00F51B68 /* guitar.png in Resources */,
				4C59C5A0238BB30000F51B68 /* musician_cat.png in Resources */,
				4C59C566238BAB7C00F51B68 /* Assets.xcassets in Resources */,
				4C59C564238BAB7900F51B68 /* Main.storyboard in Resources */,
				4C59C595238BACFD00F51B68 /* taiko.mp3 in Resources */,
				4C59C59C238BACFD00F51B68 /* cymbal.png in Resources */,
			);
			runOnlyForDeploymentPostprocessing = 0;
		};
/* End PBXResourcesBuildPhase section */

/* Begin PBXSourcesBuildPhase section */
		4C59C557238BAB7800F51B68 /* Sources */ = {
			isa = PBXSourcesBuildPhase;
			buildActionMask = 2147483647;
			files = (
				4C59C561238BAB7900F51B68 /* ViewController.swift in Sources */,
				4C59C55F238BAB7900F51B68 /* AppDelegate.swift in Sources */,
			);
			runOnlyForDeploymentPostprocessing = 0;
		};
/* End PBXSourcesBuildPhase section */

/* Begin PBXVariantGroup section */
		4C59C562238BAB7900F51B68 /* Main.storyboard */ = {
			isa = PBXVariantGroup;
			children = (
				4C59C563238BAB7900F51B68 /* Base */,
			);
			name = Main.storyboard;
			sourceTree = "<group>";
		};
		4C59C567238BAB7C00F51B68 /* LaunchScreen.storyboard */ = {
			isa = PBXVariantGroup;
			children = (
				4C59C568238BAB7C00F51B68 /* Base */,
			);
			name = LaunchScreen.storyboard;
			sourceTree = "<group>";
		};
/* End PBXVariantGroup section */

/* Begin XCBuildConfiguration section */
		4C59C581238BAB7D00F51B68 /* Debug */ = {
			isa = XCBuildConfiguration;
			buildSettings = {
				ALWAYS_SEARCH_USER_PATHS = NO;
				CLANG_ANALYZER_NONNULL = YES;
				CLANG_ANALYZER_NUMBER_OBJECT_CONVERSION = YES_AGGRESSIVE;
				CLANG_CXX_LANGUAGE_STANDARD = "gnu++14";
				CLANG_CXX_LIBRARY = "libc++";
				CLANG_ENABLE_MODULES = YES;
				CLANG_ENABLE_OBJC_ARC = YES;
				CLANG_ENABLE_OBJC_WEAK = YES;
				CLANG_WARN_BLOCK_CAPTURE_AUTORELEASING = YES;
				CLANG_WARN_BOOL_CONVERSION = YES;
				CLANG_WARN_COMMA = YES;
				CLANG_WARN_CONSTANT_CONVERSION = YES;
				CLANG_WARN_DEPRECATED_OBJC_IMPLEMENTATIONS = YES;
				CLANG_WARN_DIRECT_OBJC_ISA_USAGE = YES_ERROR;
				CLANG_WARN_DOCUMENTATION_COMMENTS = YES;
				CLANG_WARN_EMPTY_BODY = YES;
				CLANG_WARN_ENUM_CONVERSION = YES;
				CLANG_WARN_INFINITE_RECURSION = YES;
				CLANG_WARN_INT_CONVERSION = YES;
				CLANG_WARN_NON_LITERAL_NULL_CONVERSION = YES;
				CLANG_WARN_OBJC_IMPLICIT_RETAIN_SELF = YES;
				CLANG_WARN_OBJC_LITERAL_CONVERSION = YES;
				CLANG_WARN_OBJC_ROOT_CLASS = YES_ERROR;
				CLANG_WARN_RANGE_LOOP_ANALYSIS = YES;
				CLANG_WARN_STRICT_PROTOTYPES = YES;
				CLANG_WARN_SUSPICIOUS_MOVE = YES;
				CLANG_WARN_UNGUARDED_AVAILABILITY = YES_AGGRESSIVE;
				CLANG_WARN_UNREACHABLE_CODE = YES;
				CLANG_WARN__DUPLICATE_METHOD_MATCH = YES;
				CODE_SIGN_IDENTITY = "iPhone Developer";
				COPY_PHASE_STRIP = NO;
				DEBUG_INFORMATION_FORMAT = dwarf;
				ENABLE_STRICT_OBJC_MSGSEND = YES;
				ENABLE_TESTABILITY = YES;
				GCC_C_LANGUAGE_STANDARD = gnu11;
				GCC_DYNAMIC_NO_PIC = NO;
				GCC_NO_COMMON_BLOCKS = YES;
				GCC_OPTIMIZATION_LEVEL = 0;
				GCC_PREPROCESSOR_DEFINITIONS = (
					"DEBUG=1",
					"$(inherited)",
				);
				GCC_WARN_64_TO_32_BIT_CONVERSION = YES;
				GCC_WARN_ABOUT_RETURN_TYPE = YES_ERROR;
				GCC_WARN_UNDECLARED_SELECTOR = YES;
				GCC_WARN_UNINITIALIZED_AUTOS = YES_AGGRESSIVE;
				GCC_WARN_UNUSED_FUNCTION = YES;
				GCC_WARN_UNUSED_VARIABLE = YES;
				IPHONEOS_DEPLOYMENT_TARGET = 12.4;
				MTL_ENABLE_DEBUG_INFO = INCLUDE_SOURCE;
				MTL_FAST_MATH = YES;
				ONLY_ACTIVE_ARCH = YES;
				SDKROOT = iphoneos;
				SWIFT_ACTIVE_COMPILATION_CONDITIONS = DEBUG;
				SWIFT_OPTIMIZATION_LEVEL = "-Onone";
			};
			name = Debug;
		};
		4C59C582238BAB7D00F51B68 /* Release */ = {
			isa = XCBuildConfiguration;
			buildSettings = {
				ALWAYS_SEARCH_USER_PATHS = NO;
				CLANG_ANALYZER_NONNULL = YES;
				CLANG_ANALYZER_NUMBER_OBJECT_CONVERSION = YES_AGGRESSIVE;
				CLANG_CXX_LANGUAGE_STANDARD = "gnu++14";
				CLANG_CXX_LIBRARY = "libc++";
				CLANG_ENABLE_MODULES = YES;
				CLANG_ENABLE_OBJC_ARC = YES;
				CLANG_ENABLE_OBJC_WEAK = YES;
				CLANG_WARN_BLOCK_CAPTURE_AUTORELEASING = YES;
				CLANG_WARN_BOOL_CONVERSION = YES;
				CLANG_WARN_COMMA = YES;
				CLANG_WARN_CONSTANT_CONVERSION = YES;
				CLANG_WARN_DEPRECATED_OBJC_IMPLEMENTATIONS = YES;
				CLANG_WARN_DIRECT_OBJC_ISA_USAGE = YES_ERROR;
				CLANG_WARN_DOCUMENTATION_COMMENTS = YES;
				CLANG_WARN_EMPTY_BODY = YES;
				CLANG_WARN_ENUM_CONVERSION = YES;
				CLANG_WARN_INFINITE_RECURSION = YES;
				CLANG_WARN_INT_CONVERSION = YES;
				CLANG_WARN_NON_LITERAL_NULL_CONVERSION = YES;
				CLANG_WARN_OBJC_IMPLICIT_RETAIN_SELF = YES;
				CLANG_WARN_OBJC_LITERAL_CONVERSION = YES;
				CLANG_WARN_OBJC_ROOT_CLASS = YES_ERROR;
				CLANG_WARN_RANGE_LOOP_ANALYSIS = YES;
				CLANG_WARN_STRICT_PROTOTYPES = YES;
				CLANG_WARN_SUSPICIOUS_MOVE = YES;
				CLANG_WARN_UNGUARDED_AVAILABILITY = YES_AGGRESSIVE;
				CLANG_WARN_UNREACHABLE_CODE = YES;
				CLANG_WARN__DUPLICATE_METHOD_MATCH = YES;
				CODE_SIGN_IDENTITY = "iPhone Developer";
				COPY_PHASE_STRIP = NO;
				DEBUG_INFORMATION_FORMAT = "dwarf-with-dsym";
				ENABLE_NS_ASSERTIONS = NO;
				ENABLE_STRICT_OBJC_MSGSEND = YES;
				GCC_C_LANGUAGE_STANDARD = gnu11;
				GCC_NO_COMMON_BLOCKS = YES;
				GCC_WARN_64_TO_32_BIT_CONVERSION = YES;
				GCC_WARN_ABOUT_RETURN_TYPE = YES_ERROR;
				GCC_WARN_UNDECLARED_SELECTOR = YES;
				GCC_WARN_UNINITIALIZED_AUTOS = YES_AGGRESSIVE;
				GCC_WARN_UNUSED_FUNCTION = YES;
				GCC_WARN_UNUSED_VARIABLE = YES;
				IPHONEOS_DEPLOYMENT_TARGET = 12.4;
				MTL_ENABLE_DEBUG_INFO = NO;
				MTL_FAST_MATH = YES;
				SDKROOT = iphoneos;
				SWIFT_COMPILATION_MODE = wholemodule;
				SWIFT_OPTIMIZATION_LEVEL = "-O";
				VALIDATE_PRODUCT = YES;
			};
			name = Release;
		};
		4C59C584238BAB7D00F51B68 /* Debug */ = {
			isa = XCBuildConfiguration;
			buildSettings = {
				ASSETCATALOG_COMPILER_APPICON_NAME = AppIcon;
				CODE_SIGN_STYLE = Automatic;
				DEVELOPMENT_TEAM = "";
				INFOPLIST_FILE = Sound/Info.plist;
				LD_RUNPATH_SEARCH_PATHS = (
					"$(inherited)",
					"@executable_path/Frameworks",
				);
				PRODUCT_BUNDLE_IDENTIFIER = app.sunada.norihiro.Sound;
				PRODUCT_NAME = "$(TARGET_NAME)";
				SWIFT_VERSION = 5.0;
				TARGETED_DEVICE_FAMILY = "1,2";
			};
			name = Debug;
		};
		4C59C585238BAB7D00F51B68 /* Release */ = {
			isa = XCBuildConfiguration;
			buildSettings = {
				ASSETCATALOG_COMPILER_APPICON_NAME = AppIcon;
				CODE_SIGN_STYLE = Automatic;
				DEVELOPMENT_TEAM = "";
				INFOPLIST_FILE = Sound/Info.plist;
				LD_RUNPATH_SEARCH_PATHS = (
					"$(inherited)",
					"@executable_path/Frameworks",
				);
				PRODUCT_BUNDLE_IDENTIFIER = app.sunada.norihiro.Sound;
				PRODUCT_NAME = "$(TARGET_NAME)";
				SWIFT_VERSION = 5.0;
				TARGETED_DEVICE_FAMILY = "1,2";
			};
			name = Release;
		};
/* End XCBuildConfiguration section */

/* Begin XCConfigurationList section */
		4C59C556238BAB7800F51B68 /* Build configuration list for PBXProject "Sound" */ = {
			isa = XCConfigurationList;
			buildConfigurations = (
				4C59C581238BAB7D00F51B68 /* Debug */,
				4C59C582238BAB7D00F51B68 /* Release */,
			);
			defaultConfigurationIsVisible = 0;
			defaultConfigurationName = Release;
		};
		4C59C583238BAB7D00F51B68 /* Build configuration list for PBXNativeTarget "Sound" */ = {
			isa = XCConfigurationList;
			buildConfigurations = (
				4C59C584238BAB7D00F51B68 /* Debug */,
				4C59C585238BAB7D00F51B68 /* Release */,
			);
			defaultConfigurationIsVisible = 0;
			defaultConfigurationName = Release;
		};
/* End XCConfigurationList section */
	};
	rootObject = 4C59C553238BAB7800F51B68 /* Project object */;
}
